
Microsoft Visual Studio Solution File, Format Version 12.00
# Visual Studio 15
VisualStudioVersion = 15.0.28307.106
MinimumVisualStudioVersion = 10.0.40219.1
Project("{9A19103F-16F7-4668-BE54-9A1E7A4F7556}") = "DeadLineOfWakeUpSkill_CSharp", "DeadLineOfWakeUpSkill_CSharp\DeadLineOfWakeUpSkill_CSharp.csproj", "{5CB6F546-492A-40BA-8A8C-190C1CC480A5}"
EndProject
Project("{9A19103F-16F7-4668-BE54-9A1E7A4F7556}") = "DeadLineOfWakeUpSkill_CSharp.Tests", "DeadLineOfWakeUpSkill_CSharp.Tests\DeadLineOfWakeUpSkill_CSharp.Tests.csproj", "{F291D254-3DAB-416F-9598-461BA27CB075}"
EndProject
Global
	GlobalSection(SolutionConfigurationPlatforms) = preSolution
		Debug|Any CPU = Debug|Any CPU
		Release|Any CPU = Release|Any CPU
	EndGlobalSection
	GlobalSection(ProjectConfigurationPlatforms) = postSolution
		{5CB6F546-492A-40BA-8A8C-190C1CC480A5}.Debug|Any CPU.ActiveCfg = Debug|Any CPU
		{5CB6F546-492A-40BA-8A8C-190C1CC480A5}.Debug|Any CPU.Build.0 = Debug|Any CPU
		{5CB6F546-492A-40BA-8A8C-190C1CC480A5}.Release|Any CPU.ActiveCfg = Release|Any CPU
		{5CB6F546-492A-40BA-8A8C-190C1CC480A5}.Release|Any CPU.Build.0 = Release|Any CPU
		{F291D254-3DAB-416F-9598-461BA27CB075}.Debug|Any CPU.ActiveCfg = Debug|Any CPU
		{F291D254-3DAB-416F-9598-461BA27CB075}.Debug|Any CPU.Build.0 = Debug|Any CPU
		{F291D254-3DAB-416F-9598-461BA27CB075}.Release|Any CPU.ActiveCfg = Release|Any CPU
		{F291D254-3DAB-416F-9598-461BA27CB075}.Release|Any CPU.Build.0 = Release|Any CPU
	EndGlobalSection
	GlobalSection(SolutionProperties) = preSolution
		HideSolutionNode = FALSE
	EndGlobalSection
	GlobalSection(ExtensibilityGlobals) = postSolution
		SolutionGuid = {D6732761-0E4C-4889-B66D-60F87BB7A26D}
	EndGlobalSection
EndGlobal
